
Microsoft Visual Studio Solution File, Format Version 12.00
# Visual Studio Version 16
VisualStudioVersion = 16.0.31702.278
MinimumVisualStudioVersion = 10.0.40219.1
Project("{F184B08F-C81C-45F6-A57F-5ABD9991F28F}") = "SPT-AKI Mod Manager", "SPT-AKI Mod Manager\SPT-AKI Mod Manager.vbproj", "{1BAA9621-C69C-40E6-9E18-472B21CB0663}"
EndProject
Global
	GlobalSection(SolutionConfigurationPlatforms) = preSolution
		Debug|Any CPU = Debug|Any CPU
		Release|Any CPU = Release|Any CPU
	EndGlobalSection
	GlobalSection(ProjectConfigurationPlatforms) = postSolution
		{1BAA9621-C69C-40E6-9E18-472B21CB0663}.Debug|Any CPU.ActiveCfg = Debug|Any CPU
		{1BAA9621-C69C-40E6-9E18-472B21CB0663}.Debug|Any CPU.Build.0 = Debug|Any CPU
		{1BAA9621-C69C-40E6-9E18-472B21CB0663}.Release|Any CPU.ActiveCfg = Release|Any CPU
		{1BAA9621-C69C-40E6-9E18-472B21CB0663}.Release|Any CPU.Build.0 = Release|Any CPU
	EndGlobalSection
	GlobalSection(SolutionProperties) = preSolution
		HideSolutionNode = FALSE
	EndGlobalSection
	GlobalSection(ExtensibilityGlobals) = postSolution
		SolutionGuid = {DE7815E9-6D72-4D73-A1B8-F6E0760BC269}
	EndGlobalSection
EndGlobal
